
Microsoft Visual Studio Solution File, Format Version 12.00
# Visual Studio Version 17
VisualStudioVersion = 17.0.32126.317
MinimumVisualStudioVersion = 10.0.40219.1
Project("{FAE04EC0-301F-11D3-BF4B-00C04F79EFBC}") = "gendarazorpages", "gendarazorpages.csproj", "{F3C72E0B-DA36-4B76-BBDA-DC7DAE06EA3E}"
EndProject
Global
	GlobalSection(SolutionConfigurationPlatforms) = preSolution
		Debug|Any CPU = Debug|Any CPU
		Release|Any CPU = Release|Any CPU
	EndGlobalSection
	GlobalSection(ProjectConfigurationPlatforms) = postSolution
		{F3C72E0B-DA36-4B76-BBDA-DC7DAE06EA3E}.Debug|Any CPU.ActiveCfg = Debug|Any CPU
		{F3C72E0B-DA36-4B76-BBDA-DC7DAE06EA3E}.Debug|Any CPU.Build.0 = Debug|Any CPU
		{F3C72E0B-DA36-4B76-BBDA-DC7DAE06EA3E}.Release|Any CPU.ActiveCfg = Release|Any CPU
		{F3C72E0B-DA36-4B76-BBDA-DC7DAE06EA3E}.Release|Any CPU.Build.0 = Release|Any CPU
	EndGlobalSection
	GlobalSection(SolutionProperties) = preSolution
		HideSolutionNode = FALSE
	EndGlobalSection
	GlobalSection(ExtensibilityGlobals) = postSolution
		SolutionGuid = {47469753-FF3A-4C45-AC27-5EDEB2B627C3}
	EndGlobalSection
EndGlobal
